// !$*UTF8*$!
{
	archiveVersion = 1;
	classes = {
	};
	objectVersion = 50;
	objects = {

/* Begin PBXBuildFile section */
		F123BF0E24D6203F009E4E65 /* AppDelegate.swift in Sources */ = {isa = PBXBuildFile; fileRef = F123BF0D24D6203F009E4E65 /* AppDelegate.swift */; };
		F123BF1024D6203F009E4E65 /* SceneDelegate.swift in Sources */ = {isa = PBXBuildFile; fileRef = F123BF0F24D6203F009E4E65 /* SceneDelegate.swift */; };
		F123BF1224D6203F009E4E65 /* ContentView.swift in Sources */ = {isa = PBXBuildFile; fileRef = F123BF1124D6203F009E4E65 /* ContentView.swift */; };
		F123BF1424D62040009E4E65 /* Assets.xcassets in Resources */ = {isa = PBXBuildFile; fileRef = F123BF1324D62040009E4E65 /* Assets.xcassets */; };
		F123BF1724D62040009E4E65 /* Preview Assets.xcassets in Resources */ = {isa = PBXBuildFile; fileRef = F123BF1624D62040009E4E65 /* Preview Assets.xcassets */; };
		F123BF1A24D62040009E4E65 /* LaunchScreen.storyboard in Resources */ = {isa = PBXBuildFile; fileRef = F123BF1824D62040009E4E65 /* LaunchScreen.storyboard */; };
/* End PBXBuildFile section */

/* Begin PBXFileReference section */
		F123BF0A24D6203F009E4E65 /* Dog Breed.app */ = {isa = PBXFileReference; explicitFileType = wrapper.application; includeInIndex = 0; path = "Dog Breed.app"; sourceTree = BUILT_PRODUCTS_DIR; };
		F123BF0D24D6203F009E4E65 /* AppDelegate.swift */ = {isa = PBXFileReference; lastKnownFileType = sourcecode.swift; path = AppDelegate.swift; sourceTree = "<group>"; };
		F123BF0F24D6203F009E4E65 /* SceneDelegate.swift */ = {isa = PBXFileReference; lastKnownFileType = sourcecode.swift; path = SceneDelegate.swift; sourceTree = "<group>"; };
		F123BF1124D6203F009E4E65 /* ContentView.swift */ = {isa = PBXFileReference; lastKnownFileType = sourcecode.swift; path = ContentView.swift; sourceTree = "<group>"; };
		F123BF1324D62040009E4E65 /* Assets.xcassets */ = {isa = PBXFileReference; lastKnownFileType = folder.assetcatalog; path = Assets.xcassets; sourceTree = "<group>"; };
		F123BF1624D62040009E4E65 /* Preview Assets.xcassets */ = {isa = PBXFileReference; lastKnownFileType = folder.assetcatalog; path = "Preview Assets.xcassets"; sourceTree = "<group>"; };
		F123BF1924D62040009E4E65 /* Base */ = {isa = PBXFileReference; lastKnownFileType = file.storyboard; name = Base; path = Base.lproj/LaunchScreen.storyboard; sourceTree = "<group>"; };
		F123BF1B24D62040009E4E65 /* Info.plist */ = {isa = PBXFileReference; lastKnownFileType = text.plist.xml; path = Info.plist; sourceTree = "<group>"; };
/* End PBXFileReference section */

/* Begin PBXFrameworksBuildPhase section */
		F123BF0724D6203F009E4E65 /* Frameworks */ = {
			isa = PBXFrameworksBuildPhase;
			buildActionMask = 2147483647;
			files = (
			);
			runOnlyForDeploymentPostprocessing = 0;
		};
/* End PBXFrameworksBuildPhase section */

/* Begin PBXGroup section */
		F123BF0124D6203F009E4E65 = {
			isa = PBXGroup;
			children = (
				F123BF0C24D6203F009E4E65 /* Dog Breed */,
				F123BF0B24D6203F009E4E65 /* Products */,
			);
			sourceTree = "<group>";
		};
		F123BF0B24D6203F009E4E65 /* Products */ = {
			isa = PBXGroup;
			children = (
				F123BF0A24D6203F009E4E65 /* Dog Breed.app */,
			);
			name = Products;
			sourceTree = "<group>";
		};
		F123BF0C24D6203F009E4E65 /* Dog Breed */ = {
			isa = PBXGroup;
			children = (
				F123BF0D24D6203F009E4E65 /* AppDelegate.swift */,
				F123BF0F24D6203F009E4E65 /* SceneDelegate.swift */,
				F123BF1124D6203F009E4E65 /* ContentView.swift */,
				F123BF1324D62040009E4E65 /* Assets.xcassets */,
				F123BF1824D62040009E4E65 /* LaunchScreen.storyboard */,
				F123BF1B24D62040009E4E65 /* Info.plist */,
				F123BF1524D62040009E4E65 /* Preview Content */,
			);
			path = "Dog Breed";
			sourceTree = "<group>";
		};
		F123BF1524D62040009E4E65 /* Preview Content */ = {
			isa = PBXGroup;
			children = (
				F123BF1624D62040009E4E65 /* Preview Assets.xcassets */,
			);
			path = "Preview Content";
			sourceTree = "<group>";
		};
/* End PBXGroup section */

/* Begin PBXNativeTarget section */
		F123BF0924D6203F009E4E65 /* Dog Breed */ = {
			isa = PBXNativeTarget;
			buildConfigurationList = F123BF1E24D62040009E4E65 /* Build configuration list for PBXNativeTarget "Dog Breed" */;
			buildPhases = (
				F123BF0624D6203F009E4E65 /* Sources */,
				F123BF0724D6203F009E4E65 /* Frameworks */,
				F123BF0824D6203F009E4E65 /* Resources */,
			);
			buildRules = (
			);
			dependencies = (
			);
			name = "Dog Breed";
			productName = "Dog Breed";
			productReference = F123BF0A24D6203F009E4E65 /* Dog Breed.app */;
			productType = "com.apple.product-type.application";
		};
/* End PBXNativeTarget section */

/* Begin PBXProject section */
		F123BF0224D6203F009E4E65 /* Project object */ = {
			isa = PBXProject;
			attributes = {
				LastSwiftUpdateCheck = 1160;
				LastUpgradeCheck = 1160;
				ORGANIZATIONNAME = "Shabbir Saifee";
				TargetAttributes = {
					F123BF0924D6203F009E4E65 = {
						CreatedOnToolsVersion = 11.6;
					};
				};
			};
			buildConfigurationList = F123BF0524D6203F009E4E65 /* Build configuration list for PBXProject "Dog Breed" */;
			compatibilityVersion = "Xcode 9.3";
			developmentRegion = en;
			hasScannedForEncodings = 0;
			knownRegions = (
				en,
				Base,
			);
			mainGroup = F123BF0124D6203F009E4E65;
			productRefGroup = F123BF0B24D6203F009E4E65 /* Products */;
			projectDirPath = "";
			projectRoot = "";
			targets = (
				F123BF0924D6203F009E4E65 /* Dog Breed */,
			);
		};
/* End PBXProject section */

/* Begin PBXResourcesBuildPhase section */
		F123BF0824D6203F009E4E65 /* Resources */ = {
			isa = PBXResourcesBuildPhase;
			buildActionMask = 2147483647;
			files = (
				F123BF1A24D62040009E4E65 /* LaunchScreen.storyboard in Resources */,
				F123BF1724D62040009E4E65 /* Preview Assets.xcassets in Resources */,
				F123BF1424D62040009E4E65 /* Assets.xcassets in Resources */,
			);
			runOnlyForDeploymentPostprocessing = 0;
		};
/* End PBXResourcesBuildPhase section */

/* Begin PBXSourcesBuildPhase section */
		F123BF0624D6203F009E4E65 /* Sources */ = {
			isa = PBXSourcesBuildPhase;
			buildActionMask = 2147483647;
			files = (
				F123BF0E24D6203F009E4E65 /* AppDelegate.swift in Sources */,
				F123BF1024D6203F009E4E65 /* SceneDelegate.swift in Sources */,
				F123BF1224D6203F009E4E65 /* ContentView.swift in Sources */,
			);
			runOnlyForDeploymentPostprocessing = 0;
		};
/* End PBXSourcesBuildPhase section */

/* Begin PBXVariantGroup section */
		F123BF1824D62040009E4E65 /* LaunchScreen.storyboard */ = {
			isa = PBXVariantGroup;
			children = (
				F123BF1924D62040009E4E65 /* Base */,
			);
			name = LaunchScreen.storyboard;
			sourceTree = "<group>";
		};
/* End PBXVariantGroup section */

/* Begin XCBuildConfiguration section */
		F123BF1C24D62040009E4E65 /* Debug */ = {
			isa = XCBuildConfiguration;
			buildSettings = {
				ALWAYS_SEARCH_USER_PATHS = NO;
				CLANG_ANALYZER_NONNULL = YES;
				CLANG_ANALYZER_NUMBER_OBJECT_CONVERSION = YES_AGGRESSIVE;
				CLANG_CXX_LANGUAGE_STANDARD = "gnu++14";
				CLANG_CXX_LIBRARY = "libc++";
				CLANG_ENABLE_MODULES = YES;
				CLANG_ENABLE_OBJC_ARC = YES;
				CLANG_ENABLE_OBJC_WEAK = YES;
				CLANG_WARN_BLOCK_CAPTURE_AUTORELEASING = YES;
				CLANG_WARN_BOOL_CONVERSION = YES;
				CLANG_WARN_COMMA = YES;
				CLANG_WARN_CONSTANT_CONVERSION = YES;
				CLANG_WARN_DEPRECATED_OBJC_IMPLEMENTATIONS = YES;
				CLANG_WARN_DIRECT_OBJC_ISA_USAGE = YES_ERROR;
				CLANG_WARN_DOCUMENTATION_COMMENTS = YES;
				CLANG_WARN_EMPTY_BODY = YES;
				CLANG_WARN_ENUM_CONVERSION = YES;
				CLANG_WARN_INFINITE_RECURSION = YES;
				CLANG_WARN_INT_CONVERSION = YES;
				CLANG_WARN_NON_LITERAL_NULL_CONVERSION = YES;
				CLANG_WARN_OBJC_IMPLICIT_RETAIN_SELF = YES;
				CLANG_WARN_OBJC_LITERAL_CONVERSION = YES;
				CLANG_WARN_OBJC_ROOT_CLASS = YES_ERROR;
				CLANG_WARN_RANGE_LOOP_ANALYSIS = YES;
				CLANG_WARN_STRICT_PROTOTYPES = YES;
				CLANG_WARN_SUSPICIOUS_MOVE = YES;
				CLANG_WARN_UNGUARDED_AVAILABILITY = YES_AGGRESSIVE;
				CLANG_WARN_UNREACHABLE_CODE = YES;
				CLANG_WARN__DUPLICATE_METHOD_MATCH = YES;
				COPY_PHASE_STRIP = NO;
				DEBUG_INFORMATION_FORMAT = dwarf;
				ENABLE_STRICT_OBJC_MSGSEND = YES;
				ENABLE_TESTABILITY = YES;
				GCC_C_LANGUAGE_STANDARD = gnu11;
				GCC_DYNAMIC_NO_PIC = NO;
				GCC_NO_COMMON_BLOCKS = YES;
				GCC_OPTIMIZATION_LEVEL = 0;
				GCC_PREPROCESSOR_DEFINITIONS = (
					"DEBUG=1",
					"$(inherited)",
				);
				GCC_WARN_64_TO_32_BIT_CONVERSION = YES;
				GCC_WARN_ABOUT_RETURN_TYPE = YES_ERROR;
				GCC_WARN_UNDECLARED_SELECTOR = YES;
				GCC_WARN_UNINITIALIZED_AUTOS = YES_AGGRESSIVE;
				GCC_WARN_UNUSED_FUNCTION = YES;
				GCC_WARN_UNUSED_VARIABLE = YES;
				IPHONEOS_DEPLOYMENT_TARGET = 13.6;
				MTL_ENABLE_DEBUG_INFO = INCLUDE_SOURCE;
				MTL_FAST_MATH = YES;
				ONLY_ACTIVE_ARCH = YES;
				SDKROOT = iphoneos;
				SWIFT_ACTIVE_COMPILATION_CONDITIONS = DEBUG;
				SWIFT_OPTIMIZATION_LEVEL = "-Onone";
			};
			name = Debug;
		};
		F123BF1D24D62040009E4E65 /* Release */ = {
			isa = XCBuildConfiguration;
			buildSettings = {
				ALWAYS_SEARCH_USER_PATHS = NO;
				CLANG_ANALYZER_NONNULL = YES;
				CLANG_ANALYZER_NUMBER_OBJECT_CONVERSION = YES_AGGRESSIVE;
				CLANG_CXX_LANGUAGE_STANDARD = "gnu++14";
				CLANG_CXX_LIBRARY = "libc++";
				CLANG_ENABLE_MODULES = YES;
				CLANG_ENABLE_OBJC_ARC = YES;
				CLANG_ENABLE_OBJC_WEAK = YES;
				CLANG_WARN_BLOCK_CAPTURE_AUTORELEASING = YES;
				CLANG_WARN_BOOL_CONVERSION = YES;
				CLANG_WARN_COMMA = YES;
				CLANG_WARN_CONSTANT_CONVERSION = YES;
				CLANG_WARN_DEPRECATED_OBJC_IMPLEMENTATIONS = YES;
				CLANG_WARN_DIRECT_OBJC_ISA_USAGE = YES_ERROR;
				CLANG_WARN_DOCUMENTATION_COMMENTS = YES;
				CLANG_WARN_EMPTY_BODY = YES;
				CLANG_WARN_ENUM_CONVERSION = YES;
				CLANG_WARN_INFINITE_RECURSION = YES;
				CLANG_WARN_INT_CONVERSION = YES;
				CLANG_WARN_NON_LITERAL_NULL_CONVERSION = YES;
				CLANG_WARN_OBJC_IMPLICIT_RETAIN_SELF = YES;
				CLANG_WARN_OBJC_LITERAL_CONVERSION = YES;
				CLANG_WARN_OBJC_ROOT_CLASS = YES_ERROR;
				CLANG_WARN_RANGE_LOOP_ANALYSIS = YES;
				CLANG_WARN_STRICT_PROTOTYPES = YES;
				CLANG_WARN_SUSPICIOUS_MOVE = YES;
				CLANG_WARN_UNGUARDED_AVAILABILITY = YES_AGGRESSIVE;
				CLANG_WARN_UNREACHABLE_CODE = YES;
				CLANG_WARN__DUPLICATE_METHOD_MATCH = YES;
				COPY_PHASE_STRIP = NO;
				DEBUG_INFORMATION_FORMAT = "dwarf-with-dsym";
				ENABLE_NS_ASSERTIONS = NO;
				ENABLE_STRICT_OBJC_MSGSEND = YES;
				GCC_C_LANGUAGE_STANDARD = gnu11;
				GCC_NO_COMMON_BLOCKS = YES;
				GCC_WARN_64_TO_32_BIT_CONVERSION = YES;
				GCC_WARN_ABOUT_RETURN_TYPE = YES_ERROR;
				GCC_WARN_UNDECLARED_SELECTOR = YES;
				GCC_WARN_UNINITIALIZED_AUTOS = YES_AGGRESSIVE;
				GCC_WARN_UNUSED_FUNCTION = YES;
				GCC_WARN_UNUSED_VARIABLE = YES;
				IPHONEOS_DEPLOYMENT_TARGET = 13.6;
				MTL_ENABLE_DEBUG_INFO = NO;
				MTL_FAST_MATH = YES;
				SDKROOT = iphoneos;
				SWIFT_COMPILATION_MODE = wholemodule;
				SWIFT_OPTIMIZATION_LEVEL = "-O";
				VALIDATE_PRODUCT = YES;
			};
			name = Release;
		};
		F123BF1F24D62040009E4E65 /* Debug */ = {
			isa = XCBuildConfiguration;
			buildSettings = {
				ASSETCATALOG_COMPILER_APPICON_NAME = AppIcon;
				CODE_SIGN_STYLE = Automatic;
				DEVELOPMENT_ASSET_PATHS = "\"Dog Breed/Preview Content\"";
				DEVELOPMENT_TEAM = 6A2A9JF5K4;
				ENABLE_PREVIEWS = YES;
				INFOPLIST_FILE = "Dog Breed/Info.plist";
				LD_RUNPATH_SEARCH_PATHS = (
					"$(inherited)",
					"@executable_path/Frameworks",
				);
				PRODUCT_BUNDLE_IDENTIFIER = "com.ssaifee.1992.Dog-Breed";
				PRODUCT_NAME = "$(TARGET_NAME)";
				SWIFT_VERSION = 5.0;
				TARGETED_DEVICE_FAMILY = "1,2";
			};
			name = Debug;
		};
		F123BF2024D62040009E4E65 /* Release */ = {
			isa = XCBuildConfiguration;
			buildSettings = {
				ASSETCATALOG_COMPILER_APPICON_NAME = AppIcon;
				CODE_SIGN_STYLE = Automatic;
				DEVELOPMENT_ASSET_PATHS = "\"Dog Breed/Preview Content\"";
				DEVELOPMENT_TEAM = 6A2A9JF5K4;
				ENABLE_PREVIEWS = YES;
				INFOPLIST_FILE = "Dog Breed/Info.plist";
				LD_RUNPATH_SEARCH_PATHS = (
					"$(inherited)",
					"@executable_path/Frameworks",
				);
				PRODUCT_BUNDLE_IDENTIFIER = "com.ssaifee.1992.Dog-Breed";
				PRODUCT_NAME = "$(TARGET_NAME)";
				SWIFT_VERSION = 5.0;
				TARGETED_DEVICE_FAMILY = "1,2";
			};
			name = Release;
		};
/* End XCBuildConfiguration section */

/* Begin XCConfigurationList section */
		F123BF0524D6203F009E4E65 /* Build configuration list for PBXProject "Dog Breed" */ = {
			isa = XCConfigurationList;
			buildConfigurations = (
				F123BF1C24D62040009E4E65 /* Debug */,
				F123BF1D24D62040009E4E65 /* Release */,
			);
			defaultConfigurationIsVisible = 0;
			defaultConfigurationName = Release;
		};
		F123BF1E24D62040009E4E65 /* Build configuration list for PBXNativeTarget "Dog Breed" */ = {
			isa = XCConfigurationList;
			buildConfigurations = (
				F123BF1F24D62040009E4E65 /* Debug */,
				F123BF2024D62040009E4E65 /* Release */,
			);
			defaultConfigurationIsVisible = 0;
			defaultConfigurationName = Release;
		};
/* End XCConfigurationList section */
	};
	rootObject = F123BF0224D6203F009E4E65 /* Project object */;
}
